
Microsoft Visual Studio Solution File, Format Version 12.00
# Visual Studio Version 16
VisualStudioVersion = 16.0.30406.217
MinimumVisualStudioVersion = 10.0.40219.1
Project("{FAE04EC0-301F-11D3-BF4B-00C04F79EFBC}") = "DTLTest", "DTLTest.csproj", "{87B62640-3682-4C0D-A9AD-8EE04437FA5A}"
EndProject
Global
	GlobalSection(SolutionConfigurationPlatforms) = preSolution
		Debug|Any CPU = Debug|Any CPU
		Release|Any CPU = Release|Any CPU
	EndGlobalSection
	GlobalSection(ProjectConfigurationPlatforms) = postSolution
		{87B62640-3682-4C0D-A9AD-8EE04437FA5A}.Debug|Any CPU.ActiveCfg = Debug|Any CPU
		{87B62640-3682-4C0D-A9AD-8EE04437FA5A}.Debug|Any CPU.Build.0 = Debug|Any CPU
		{87B62640-3682-4C0D-A9AD-8EE04437FA5A}.Release|Any CPU.ActiveCfg = Release|Any CPU
		{87B62640-3682-4C0D-A9AD-8EE04437FA5A}.Release|Any CPU.Build.0 = Release|Any CPU
	EndGlobalSection
	GlobalSection(SolutionProperties) = preSolution
		HideSolutionNode = FALSE
	EndGlobalSection
	GlobalSection(ExtensibilityGlobals) = postSolution
		SolutionGuid = {0C1E3A3C-5AB9-4130-AF3C-C5312220C2BA}
	EndGlobalSection
EndGlobal
